
Microsoft Visual Studio Solution File, Format Version 12.00
# Visual Studio Version 17
VisualStudioVersion = 17.14.36705.20 d17.14
MinimumVisualStudioVersion = 10.0.40219.1
Project("{FAE04EC0-301F-11D3-BF4B-00C04F79EFBC}") = "InsuranceBillingSystem_API_Prod", "InsuranceBillingSystem_API_Prod.csproj", "{FFD51911-8635-47A8-9909-BE6AA745DBFE}"
EndProject
Global
	GlobalSection(SolutionConfigurationPlatforms) = preSolution
		Debug|Any CPU = Debug|Any CPU
		Release|Any CPU = Release|Any CPU
	EndGlobalSection
	GlobalSection(ProjectConfigurationPlatforms) = postSolution
		{FFD51911-8635-47A8-9909-BE6AA745DBFE}.Debug|Any CPU.ActiveCfg = Debug|Any CPU
		{FFD51911-8635-47A8-9909-BE6AA745DBFE}.Debug|Any CPU.Build.0 = Debug|Any CPU
		{FFD51911-8635-47A8-9909-BE6AA745DBFE}.Release|Any CPU.ActiveCfg = Release|Any CPU
		{FFD51911-8635-47A8-9909-BE6AA745DBFE}.Release|Any CPU.Build.0 = Release|Any CPU
	EndGlobalSection
	GlobalSection(SolutionProperties) = preSolution
		HideSolutionNode = FALSE
	EndGlobalSection
	GlobalSection(ExtensibilityGlobals) = postSolution
		SolutionGuid = {BF6363BF-34CC-4836-B9B7-C2937331C3C1}
	EndGlobalSection
EndGlobal
